# 설치 묶음의 바퀴 (cp312-win_amd64) — tasks/0010 4.4. python scripts/bundle.py lock 이 쓴다 (손으로 고치지 않는다).
# 묶음 만들기는 이 바퀴만 받는다 (pip download --no-deps --require-hashes). minedocscan 자신은 커밋에서 만든다 (잠금 밖).
# 판을 올리는 순서: bundle.py lock → CI 의 windows-install(묶음·설치·자가 시험) → 커밋. scripts/README.md, 설명서 2장
et_xmlfile==2.0.0 \
    --hash=sha256:7a91720bc756843502c3b7504c77b8fe44217c85c537d85037f0f536151b2caa
numpy==2.5.3 \
    --hash=sha256:0a59a421a32580a009e8a1751345bf829631b990dc1794b80514ab722b435def
opencv-python-headless==5.0.0.93 \
    --hash=sha256:829717b6a95554f273e49e357cee3b3a2a26b6f4842fbc1bed2b45bdd8f87e0e
openpyxl==3.1.5 \
    --hash=sha256:5282c12b107bffeef825f4617dc029afaf41d0ea60823bbb665ef3079dc79de2
psycopg==3.3.6 \
    --hash=sha256:a1db9f7148b06a28606767efaca51fa6f9398c5c0a3810519be69d7000bdb631
psycopg-binary==3.3.6 \
    --hash=sha256:e23a66a763fbe83fcc210bc77c27e5a5ea380ebf091c06f34d8561b695e5a40f
pypdfium2==5.14.0 \
    --hash=sha256:149fd5c6397b8df8bf7911a93506eff0be874f877afe7ac936cf5d37d21a6a06
PyYAML==6.0.3 \
    --hash=sha256:5fcd34e47f6e0b794d17de1b4ff496c00986e1c83f7ab2fb8fcfe9616ff7477b
RapidFuzz==3.14.6 \
    --hash=sha256:cfca36e4612208875e08611a779164b6cb8900ab8bbd3d82d4cfdfae9efbfac9
typing_extensions==4.16.0 \
    --hash=sha256:481caa481374e813c1b176ada14e97f1f67a4539ce9cfeb3f350d78d6370c2e8
tzdata==2026.5 \
    --hash=sha256:b683bd1b6659ddcd810ff02ad09ba821d4bf1065072805063eb35c49617905ac
